
Microsoft Visual Studio Solution File, Format Version 12.00
# Visual Studio Version 17
VisualStudioVersion = 17.7.34221.43
MinimumVisualStudioVersion = 10.0.40219.1
Project("{9A19103F-16F7-4668-BE54-9A1E7A4F7556}") = "ProductService", "ProductService\ProductService.csproj", "{2DE539D1-27B2-4BF0-AE8C-8353EA2EBC42}"
EndProject
Project("{E53339B2-1760-4266-BCC7-CA923CBCF16C}") = "docker-compose", "docker-compose.dcproj", "{A5CDFAE9-9CA9-45DB-8FF0-CFD21395D9C1}"
EndProject
Global
	GlobalSection(SolutionConfigurationPlatforms) = preSolution
		Debug|Any CPU = Debug|Any CPU
		Release|Any CPU = Release|Any CPU
	EndGlobalSection
	GlobalSection(ProjectConfigurationPlatforms) = postSolution
		{2DE539D1-27B2-4BF0-AE8C-8353EA2EBC42}.Debug|Any CPU.ActiveCfg = Debug|Any CPU
		{2DE539D1-27B2-4BF0-AE8C-8353EA2EBC42}.Debug|Any CPU.Build.0 = Debug|Any CPU
		{2DE539D1-27B2-4BF0-AE8C-8353EA2EBC42}.Release|Any CPU.ActiveCfg = Release|Any CPU
		{2DE539D1-27B2-4BF0-AE8C-8353EA2EBC42}.Release|Any CPU.Build.0 = Release|Any CPU
		{A5CDFAE9-9CA9-45DB-8FF0-CFD21395D9C1}.Debug|Any CPU.ActiveCfg = Debug|Any CPU
		{A5CDFAE9-9CA9-45DB-8FF0-CFD21395D9C1}.Debug|Any CPU.Build.0 = Debug|Any CPU
		{A5CDFAE9-9CA9-45DB-8FF0-CFD21395D9C1}.Release|Any CPU.ActiveCfg = Release|Any CPU
		{A5CDFAE9-9CA9-45DB-8FF0-CFD21395D9C1}.Release|Any CPU.Build.0 = Release|Any CPU
	EndGlobalSection
	GlobalSection(SolutionProperties) = preSolution
		HideSolutionNode = FALSE
	EndGlobalSection
	GlobalSection(ExtensibilityGlobals) = postSolution
		SolutionGuid = {22C2AF9D-C20A-4C7C-8DA4-F7FE45DFF8E5}
	EndGlobalSection
EndGlobal
